
Microsoft Visual Studio Solution File, Format Version 12.00
# Visual Studio Version 16
VisualStudioVersion = 16.0.31515.178
MinimumVisualStudioVersion = 10.0.40219.1
Project("{FAE04EC0-301F-11D3-BF4B-00C04F79EFBC}") = "TesteCredit", "TesteCredit.csproj", "{E9863206-F9AC-421C-B803-A111EC264210}"
EndProject
Global
	GlobalSection(SolutionConfigurationPlatforms) = preSolution
		Debug|Any CPU = Debug|Any CPU
		Release|Any CPU = Release|Any CPU
	EndGlobalSection
	GlobalSection(ProjectConfigurationPlatforms) = postSolution
		{E9863206-F9AC-421C-B803-A111EC264210}.Debug|Any CPU.ActiveCfg = Debug|Any CPU
		{E9863206-F9AC-421C-B803-A111EC264210}.Debug|Any CPU.Build.0 = Debug|Any CPU
		{E9863206-F9AC-421C-B803-A111EC264210}.Release|Any CPU.ActiveCfg = Release|Any CPU
		{E9863206-F9AC-421C-B803-A111EC264210}.Release|Any CPU.Build.0 = Release|Any CPU
	EndGlobalSection
	GlobalSection(SolutionProperties) = preSolution
		HideSolutionNode = FALSE
	EndGlobalSection
	GlobalSection(ExtensibilityGlobals) = postSolution
		SolutionGuid = {AD9DA414-2563-4188-AA6E-E3E04BD9D3AD}
	EndGlobalSection
EndGlobal
